
Microsoft Visual Studio Solution File, Format Version 12.00
# Visual Studio Version 17
VisualStudioVersion = 17.13.35919.96 d17.13
MinimumVisualStudioVersion = 10.0.40219.1
Project("{FAE04EC0-301F-11D3-BF4B-00C04F79EFBC}") = "GPhysTwitchSupport", "GPhysTwitchSupport.csproj", "{89DF787E-10BF-43F0-A2AD-8F99DC167801}"
EndProject
Global
	GlobalSection(SolutionConfigurationPlatforms) = preSolution
		Debug|Any CPU = Debug|Any CPU
		Release|Any CPU = Release|Any CPU
	EndGlobalSection
	GlobalSection(ProjectConfigurationPlatforms) = postSolution
		{89DF787E-10BF-43F0-A2AD-8F99DC167801}.Debug|Any CPU.ActiveCfg = Debug|Any CPU
		{89DF787E-10BF-43F0-A2AD-8F99DC167801}.Debug|Any CPU.Build.0 = Debug|Any CPU
		{89DF787E-10BF-43F0-A2AD-8F99DC167801}.Release|Any CPU.ActiveCfg = Release|Any CPU
		{89DF787E-10BF-43F0-A2AD-8F99DC167801}.Release|Any CPU.Build.0 = Release|Any CPU
	EndGlobalSection
	GlobalSection(SolutionProperties) = preSolution
		HideSolutionNode = FALSE
	EndGlobalSection
	GlobalSection(ExtensibilityGlobals) = postSolution
		SolutionGuid = {99338D24-4CCA-45C9-B1C0-0B6464549AAD}
	EndGlobalSection
EndGlobal
